
Microsoft Visual Studio Solution File, Format Version 12.00
# Visual Studio 15
VisualStudioVersion = 15.0.28307.1259
MinimumVisualStudioVersion = 10.0.40219.1
Project("{FAE04EC0-301F-11D3-BF4B-00C04F79EFBC}") = "Question1", "Question1\Question1.csproj", "{AC28FA0E-0A2D-4625-ADC5-43E4F1A09CE4}"
EndProject
Project("{FAE04EC0-301F-11D3-BF4B-00C04F79EFBC}") = "Question2", "Question2\Question2.csproj", "{69604ECD-0CF3-4911-B576-F964650409E6}"
EndProject
Global
	GlobalSection(SolutionConfigurationPlatforms) = preSolution
		Debug|Any CPU = Debug|Any CPU
		Release|Any CPU = Release|Any CPU
	EndGlobalSection
	GlobalSection(ProjectConfigurationPlatforms) = postSolution
		{AC28FA0E-0A2D-4625-ADC5-43E4F1A09CE4}.Debug|Any CPU.ActiveCfg = Debug|Any CPU
		{AC28FA0E-0A2D-4625-ADC5-43E4F1A09CE4}.Debug|Any CPU.Build.0 = Debug|Any CPU
		{AC28FA0E-0A2D-4625-ADC5-43E4F1A09CE4}.Release|Any CPU.ActiveCfg = Release|Any CPU
		{AC28FA0E-0A2D-4625-ADC5-43E4F1A09CE4}.Release|Any CPU.Build.0 = Release|Any CPU
		{69604ECD-0CF3-4911-B576-F964650409E6}.Debug|Any CPU.ActiveCfg = Debug|Any CPU
		{69604ECD-0CF3-4911-B576-F964650409E6}.Debug|Any CPU.Build.0 = Debug|Any CPU
		{69604ECD-0CF3-4911-B576-F964650409E6}.Release|Any CPU.ActiveCfg = Release|Any CPU
		{69604ECD-0CF3-4911-B576-F964650409E6}.Release|Any CPU.Build.0 = Release|Any CPU
	EndGlobalSection
	GlobalSection(SolutionProperties) = preSolution
		HideSolutionNode = FALSE
	EndGlobalSection
	GlobalSection(ExtensibilityGlobals) = postSolution
		SolutionGuid = {9CCF9EEB-3A5B-4B25-B1ED-58352E321AF3}
	EndGlobalSection
EndGlobal
